
Microsoft Visual Studio Solution File, Format Version 12.00
# Visual Studio Version 16
VisualStudioVersion = 16.0.30907.101
MinimumVisualStudioVersion = 10.0.40219.1
Project("{9A19103F-16F7-4668-BE54-9A1E7A4F7556}") = "DataAccess", "DataAccess\DataAccess.csproj", "{C81CF194-F5D4-4F8B-B341-05D367802E84}"
EndProject
Project("{9A19103F-16F7-4668-BE54-9A1E7A4F7556}") = "Business", "Business\Business.csproj", "{65FFA458-9379-41FA-B8B2-D87A7FF4D6C3}"
EndProject
Project("{9A19103F-16F7-4668-BE54-9A1E7A4F7556}") = "Entities", "Entities\Entities.csproj", "{627FC480-8F8D-47BE-9000-6C198A19359E}"
EndProject
Project("{9A19103F-16F7-4668-BE54-9A1E7A4F7556}") = "ConsoleUI", "ConsoleUI\ConsoleUI.csproj", "{F3866485-DE84-4BE9-808E-59776E248ECC}"
EndProject
Project("{9A19103F-16F7-4668-BE54-9A1E7A4F7556}") = "Core", "Core\Core.csproj", "{DE569F93-FAC5-4694-A03E-84EDDE22B174}"
EndProject
Project("{FAE04EC0-301F-11D3-BF4B-00C04F79EFBC}") = "WebAPI", "WebAPI\WebAPI.csproj", "{1AC8FF99-4F7B-48D4-887B-96AC77984D02}"
EndProject
Global
	GlobalSection(SolutionConfigurationPlatforms) = preSolution
		Debug|Any CPU = Debug|Any CPU
		Release|Any CPU = Release|Any CPU
	EndGlobalSection
	GlobalSection(ProjectConfigurationPlatforms) = postSolution
		{C81CF194-F5D4-4F8B-B341-05D367802E84}.Debug|Any CPU.ActiveCfg = Debug|Any CPU
		{C81CF194-F5D4-4F8B-B341-05D367802E84}.Debug|Any CPU.Build.0 = Debug|Any CPU
		{C81CF194-F5D4-4F8B-B341-05D367802E84}.Release|Any CPU.ActiveCfg = Release|Any CPU
		{C81CF194-F5D4-4F8B-B341-05D367802E84}.Release|Any CPU.Build.0 = Release|Any CPU
		{65FFA458-9379-41FA-B8B2-D87A7FF4D6C3}.Debug|Any CPU.ActiveCfg = Debug|Any CPU
		{65FFA458-9379-41FA-B8B2-D87A7FF4D6C3}.Debug|Any CPU.Build.0 = Debug|Any CPU
		{65FFA458-9379-41FA-B8B2-D87A7FF4D6C3}.Release|Any CPU.ActiveCfg = Release|Any CPU
		{65FFA458-9379-41FA-B8B2-D87A7FF4D6C3}.Release|Any CPU.Build.0 = Release|Any CPU
		{627FC480-8F8D-47BE-9000-6C198A19359E}.Debug|Any CPU.ActiveCfg = Debug|Any CPU
		{627FC480-8F8D-47BE-9000-6C198A19359E}.Debug|Any CPU.Build.0 = Debug|Any CPU
		{627FC480-8F8D-47BE-9000-6C198A19359E}.Release|Any CPU.ActiveCfg = Release|Any CPU
		{627FC480-8F8D-47BE-9000-6C198A19359E}.Release|Any CPU.Build.0 = Release|Any CPU
		{F3866485-DE84-4BE9-808E-59776E248ECC}.Debug|Any CPU.ActiveCfg = Debug|Any CPU
		{F3866485-DE84-4BE9-808E-59776E248ECC}.Debug|Any CPU.Build.0 = Debug|Any CPU
		{F3866485-DE84-4BE9-808E-59776E248ECC}.Release|Any CPU.ActiveCfg = Release|Any CPU
		{F3866485-DE84-4BE9-808E-59776E248ECC}.Release|Any CPU.Build.0 = Release|Any CPU
		{DE569F93-FAC5-4694-A03E-84EDDE22B174}.Debug|Any CPU.ActiveCfg = Debug|Any CPU
		{DE569F93-FAC5-4694-A03E-84EDDE22B174}.Debug|Any CPU.Build.0 = Debug|Any CPU
		{DE569F93-FAC5-4694-A03E-84EDDE22B174}.Release|Any CPU.ActiveCfg = Release|Any CPU
		{DE569F93-FAC5-4694-A03E-84EDDE22B174}.Release|Any CPU.Build.0 = Release|Any CPU
		{1AC8FF99-4F7B-48D4-887B-96AC77984D02}.Debug|Any CPU.ActiveCfg = Debug|Any CPU
		{1AC8FF99-4F7B-48D4-887B-96AC77984D02}.Debug|Any CPU.Build.0 = Debug|Any CPU
		{1AC8FF99-4F7B-48D4-887B-96AC77984D02}.Release|Any CPU.ActiveCfg = Release|Any CPU
		{1AC8FF99-4F7B-48D4-887B-96AC77984D02}.Release|Any CPU.Build.0 = Release|Any CPU
	EndGlobalSection
	GlobalSection(SolutionProperties) = preSolution
		HideSolutionNode = FALSE
	EndGlobalSection
	GlobalSection(ExtensibilityGlobals) = postSolution
		SolutionGuid = {7488200B-A4A3-49BE-972D-9EB73B3BD38A}
	EndGlobalSection
EndGlobal
